// !$*UTF8*$!
{
	archiveVersion = 1;
	classes = {
	};
	objectVersion = 50;
	objects = {

/* Begin PBXBuildFile section */
		65F57C0E2234C37A004A74B9 /* AppDelegate.swift in Sources */ = {isa = PBXBuildFile; fileRef = 65F57C0D2234C37A004A74B9 /* AppDelegate.swift */; };
		65F57C102234C37A004A74B9 /* ToDoViewController.swift in Sources */ = {isa = PBXBuildFile; fileRef = 65F57C0F2234C37A004A74B9 /* ToDoViewController.swift */; };
		65F57C132234C37A004A74B9 /* Main.storyboard in Resources */ = {isa = PBXBuildFile; fileRef = 65F57C112234C37A004A74B9 /* Main.storyboard */; };
		65F57C152234C37B004A74B9 /* Assets.xcassets in Resources */ = {isa = PBXBuildFile; fileRef = 65F57C142234C37B004A74B9 /* Assets.xcassets */; };
		65F57C182234C37B004A74B9 /* LaunchScreen.storyboard in Resources */ = {isa = PBXBuildFile; fileRef = 65F57C162234C37B004A74B9 /* LaunchScreen.storyboard */; };
		65F57C4A2238AD7F004A74B9 /* CategoryViewController.swift in Sources */ = {isa = PBXBuildFile; fileRef = 65F57C492238AD7F004A74B9 /* CategoryViewController.swift */; };
		65F57C4C2239B2C9004A74B9 /* Item.swift in Sources */ = {isa = PBXBuildFile; fileRef = 65F57C4B2239B2C9004A74B9 /* Item.swift */; };
		65F57C4E2239B2F1004A74B9 /* Categorys.swift in Sources */ = {isa = PBXBuildFile; fileRef = 65F57C4D2239B2F1004A74B9 /* Categorys.swift */; };
		978071065BB082BFF47FD63F /* Pods_ToDoey.framework in Frameworks */ = {isa = PBXBuildFile; fileRef = 6D3B213365CFB98E98A1AED8 /* Pods_ToDoey.framework */; };
/* End PBXBuildFile section */

/* Begin PBXFileReference section */
		0217752076773EDBD2D5CC9B /* Pods-ToDoey.debug.xcconfig */ = {isa = PBXFileReference; includeInIndex = 1; lastKnownFileType = text.xcconfig; name = "Pods-ToDoey.debug.xcconfig"; path = "Target Support Files/Pods-ToDoey/Pods-ToDoey.debug.xcconfig"; sourceTree = "<group>"; };
		43390C31F0342818A6FC030C /* Pods-ToDoey.release.xcconfig */ = {isa = PBXFileReference; includeInIndex = 1; lastKnownFileType = text.xcconfig; name = "Pods-ToDoey.release.xcconfig"; path = "Target Support Files/Pods-ToDoey/Pods-ToDoey.release.xcconfig"; sourceTree = "<group>"; };
		65F57C0A2234C37A004A74B9 /* ToDoey.app */ = {isa = PBXFileReference; explicitFileType = wrapper.application; includeInIndex = 0; path = ToDoey.app; sourceTree = BUILT_PRODUCTS_DIR; };
		65F57C0D2234C37A004A74B9 /* AppDelegate.swift */ = {isa = PBXFileReference; lastKnownFileType = sourcecode.swift; path = AppDelegate.swift; sourceTree = "<group>"; };
		65F57C0F2234C37A004A74B9 /* ToDoViewController.swift */ = {isa = PBXFileReference; lastKnownFileType = sourcecode.swift; path = ToDoViewController.swift; sourceTree = "<group>"; };
		65F57C122234C37A004A74B9 /* Base */ = {isa = PBXFileReference; lastKnownFileType = file.storyboard; name = Base; path = Base.lproj/Main.storyboard; sourceTree = "<group>"; };
		65F57C142234C37B004A74B9 /* Assets.xcassets */ = {isa = PBXFileReference; lastKnownFileType = folder.assetcatalog; path = Assets.xcassets; sourceTree = "<group>"; };
		65F57C172234C37B004A74B9 /* Base */ = {isa = PBXFileReference; lastKnownFileType = file.storyboard; name = Base; path = Base.lproj/LaunchScreen.storyboard; sourceTree = "<group>"; };
		65F57C192234C37B004A74B9 /* Info.plist */ = {isa = PBXFileReference; lastKnownFileType = text.plist.xml; path = Info.plist; sourceTree = "<group>"; };
		65F57C492238AD7F004A74B9 /* CategoryViewController.swift */ = {isa = PBXFileReference; lastKnownFileType = sourcecode.swift; name = CategoryViewController.swift; path = ToDoey/Controllers/CategoryViewController.swift; sourceTree = SOURCE_ROOT; };
		65F57C4B2239B2C9004A74B9 /* Item.swift */ = {isa = PBXFileReference; lastKnownFileType = sourcecode.swift; path = Item.swift; sourceTree = "<group>"; };
		65F57C4D2239B2F1004A74B9 /* Categorys.swift */ = {isa = PBXFileReference; lastKnownFileType = sourcecode.swift; path = Categorys.swift; sourceTree = "<group>"; };
		6D3B213365CFB98E98A1AED8 /* Pods_ToDoey.framework */ = {isa = PBXFileReference; explicitFileType = wrapper.framework; includeInIndex = 0; path = Pods_ToDoey.framework; sourceTree = BUILT_PRODUCTS_DIR; };
/* End PBXFileReference section */

/* Begin PBXFrameworksBuildPhase section */
		65F57C072234C37A004A74B9 /* Frameworks */ = {
			isa = PBXFrameworksBuildPhase;
			buildActionMask = 2147483647;
			files = (
				978071065BB082BFF47FD63F /* Pods_ToDoey.framework in Frameworks */,
			);
			runOnlyForDeploymentPostprocessing = 0;
		};
/* End PBXFrameworksBuildPhase section */

/* Begin PBXGroup section */
		20AB6423875244197DBFE52B /* Frameworks */ = {
			isa = PBXGroup;
			children = (
				6D3B213365CFB98E98A1AED8 /* Pods_ToDoey.framework */,
			);
			name = Frameworks;
			sourceTree = "<group>";
		};
		65F57C012234C37A004A74B9 = {
			isa = PBXGroup;
			children = (
				65F57C0C2234C37A004A74B9 /* ToDoey */,
				65F57C0B2234C37A004A74B9 /* Products */,
				76A57AEAC9787694F6376FDA /* Pods */,
				20AB6423875244197DBFE52B /* Frameworks */,
			);
			sourceTree = "<group>";
		};
		65F57C0B2234C37A004A74B9 /* Products */ = {
			isa = PBXGroup;
			children = (
				65F57C0A2234C37A004A74B9 /* ToDoey.app */,
			);
			name = Products;
			sourceTree = "<group>";
		};
		65F57C0C2234C37A004A74B9 /* ToDoey */ = {
			isa = PBXGroup;
			children = (
				65F57C232236F7B2004A74B9 /* View */,
				65F57C222236F78E004A74B9 /* Controllers */,
				65F57C212236F77B004A74B9 /* Data Model */,
				65F57C142234C37B004A74B9 /* Assets.xcassets */,
				65F57C242236F848004A74B9 /* SuportingFiles */,
				65F57C0D2234C37A004A74B9 /* AppDelegate.swift */,
				65F57C192234C37B004A74B9 /* Info.plist */,
			);
			path = ToDoey;
			sourceTree = "<group>";
		};
		65F57C212236F77B004A74B9 /* Data Model */ = {
			isa = PBXGroup;
			children = (
				65F57C4D2239B2F1004A74B9 /* Categorys.swift */,
				65F57C4B2239B2C9004A74B9 /* Item.swift */,
			);
			path = "Data Model";
			sourceTree = "<group>";
		};
		65F57C222236F78E004A74B9 /* Controllers */ = {
			isa = PBXGroup;
			children = (
				65F57C492238AD7F004A74B9 /* CategoryViewController.swift */,
				65F57C0F2234C37A004A74B9 /* ToDoViewController.swift */,
			);
			path = Controllers;
			sourceTree = "<group>";
		};
		65F57C232236F7B2004A74B9 /* View */ = {
			isa = PBXGroup;
			children = (
				65F57C162234C37B004A74B9 /* LaunchScreen.storyboard */,
				65F57C112234C37A004A74B9 /* Main.storyboard */,
			);
			path = View;
			sourceTree = "<group>";
		};
		65F57C242236F848004A74B9 /* SuportingFiles */ = {
			isa = PBXGroup;
			children = (
			);
			path = SuportingFiles;
			sourceTree = "<group>";
		};
		76A57AEAC9787694F6376FDA /* Pods */ = {
			isa = PBXGroup;
			children = (
				0217752076773EDBD2D5CC9B /* Pods-ToDoey.debug.xcconfig */,
				43390C31F0342818A6FC030C /* Pods-ToDoey.release.xcconfig */,
			);
			path = Pods;
			sourceTree = "<group>";
		};
/* End PBXGroup section */

/* Begin PBXNativeTarget section */
		65F57C092234C37A004A74B9 /* ToDoey */ = {
			isa = PBXNativeTarget;
			buildConfigurationList = 65F57C1C2234C37B004A74B9 /* Build configuration list for PBXNativeTarget "ToDoey" */;
			buildPhases = (
				1FE27CC14B11B0C4986F46BA /* [CP] Check Pods Manifest.lock */,
				65F57C062234C37A004A74B9 /* Sources */,
				65F57C072234C37A004A74B9 /* Frameworks */,
				65F57C082234C37A004A74B9 /* Resources */,
				84237300A2D47A023062D2A7 /* [CP] Embed Pods Frameworks */,
			);
			buildRules = (
			);
			dependencies = (
			);
			name = ToDoey;
			productName = ToDoey;
			productReference = 65F57C0A2234C37A004A74B9 /* ToDoey.app */;
			productType = "com.apple.product-type.application";
		};
/* End PBXNativeTarget section */

/* Begin PBXProject section */
		65F57C022234C37A004A74B9 /* Project object */ = {
			isa = PBXProject;
			attributes = {
				LastSwiftUpdateCheck = 1010;
				LastUpgradeCheck = 1010;
				ORGANIZATIONNAME = "Daniel Cárdenas";
				TargetAttributes = {
					65F57C092234C37A004A74B9 = {
						CreatedOnToolsVersion = 10.1;
					};
				};
			};
			buildConfigurationList = 65F57C052234C37A004A74B9 /* Build configuration list for PBXProject "ToDoey" */;
			compatibilityVersion = "Xcode 9.3";
			developmentRegion = en;
			hasScannedForEncodings = 0;
			knownRegions = (
				en,
				Base,
			);
			mainGroup = 65F57C012234C37A004A74B9;
			productRefGroup = 65F57C0B2234C37A004A74B9 /* Products */;
			projectDirPath = "";
			projectRoot = "";
			targets = (
				65F57C092234C37A004A74B9 /* ToDoey */,
			);
		};
/* End PBXProject section */

/* Begin PBXResourcesBuildPhase section */
		65F57C082234C37A004A74B9 /* Resources */ = {
			isa = PBXResourcesBuildPhase;
			buildActionMask = 2147483647;
			files = (
				65F57C182234C37B004A74B9 /* LaunchScreen.storyboard in Resources */,
				65F57C152234C37B004A74B9 /* Assets.xcassets in Resources */,
				65F57C132234C37A004A74B9 /* Main.storyboard in Resources */,
			);
			runOnlyForDeploymentPostprocessing = 0;
		};
/* End PBXResourcesBuildPhase section */

/* Begin PBXShellScriptBuildPhase section */
		1FE27CC14B11B0C4986F46BA /* [CP] Check Pods Manifest.lock */ = {
			isa = PBXShellScriptBuildPhase;
			buildActionMask = 2147483647;
			files = (
			);
			inputFileListPaths = (
			);
			inputPaths = (
				"${PODS_PODFILE_DIR_PATH}/Podfile.lock",
				"${PODS_ROOT}/Manifest.lock",
			);
			name = "[CP] Check Pods Manifest.lock";
			outputFileListPaths = (
			);
			outputPaths = (
				"$(DERIVED_FILE_DIR)/Pods-ToDoey-checkManifestLockResult.txt",
			);
			runOnlyForDeploymentPostprocessing = 0;
			shellPath = /bin/sh;
			shellScript = "diff \"${PODS_PODFILE_DIR_PATH}/Podfile.lock\" \"${PODS_ROOT}/Manifest.lock\" > /dev/null\nif [ $? != 0 ] ; then\n    # print error to STDERR\n    echo \"error: The sandbox is not in sync with the Podfile.lock. Run 'pod install' or update your CocoaPods installation.\" >&2\n    exit 1\nfi\n# This output is used by Xcode 'outputs' to avoid re-running this script phase.\necho \"SUCCESS\" > \"${SCRIPT_OUTPUT_FILE_0}\"\n";
			showEnvVarsInLog = 0;
		};
		84237300A2D47A023062D2A7 /* [CP] Embed Pods Frameworks */ = {
			isa = PBXShellScriptBuildPhase;
			buildActionMask = 2147483647;
			files = (
			);
			inputFileListPaths = (
			);
			inputPaths = (
				"${PODS_ROOT}/Target Support Files/Pods-ToDoey/Pods-ToDoey-frameworks.sh",
				"${BUILT_PRODUCTS_DIR}/Realm/Realm.framework",
				"${BUILT_PRODUCTS_DIR}/RealmSwift/RealmSwift.framework",
				"${BUILT_PRODUCTS_DIR}/SwipeCellKit/SwipeCellKit.framework",
			);
			name = "[CP] Embed Pods Frameworks";
			outputFileListPaths = (
			);
			outputPaths = (
				"${TARGET_BUILD_DIR}/${FRAMEWORKS_FOLDER_PATH}/Realm.framework",
				"${TARGET_BUILD_DIR}/${FRAMEWORKS_FOLDER_PATH}/RealmSwift.framework",
				"${TARGET_BUILD_DIR}/${FRAMEWORKS_FOLDER_PATH}/SwipeCellKit.framework",
			);
			runOnlyForDeploymentPostprocessing = 0;
			shellPath = /bin/sh;
			shellScript = "\"${PODS_ROOT}/Target Support Files/Pods-ToDoey/Pods-ToDoey-frameworks.sh\"\n";
			showEnvVarsInLog = 0;
		};
/* End PBXShellScriptBuildPhase section */

/* Begin PBXSourcesBuildPhase section */
		65F57C062234C37A004A74B9 /* Sources */ = {
			isa = PBXSourcesBuildPhase;
			buildActionMask = 2147483647;
			files = (
				65F57C4C2239B2C9004A74B9 /* Item.swift in Sources */,
				65F57C4A2238AD7F004A74B9 /* CategoryViewController.swift in Sources */,
				65F57C102234C37A004A74B9 /* ToDoViewController.swift in Sources */,
				65F57C4E2239B2F1004A74B9 /* Categorys.swift in Sources */,
				65F57C0E2234C37A004A74B9 /* AppDelegate.swift in Sources */,
			);
			runOnlyForDeploymentPostprocessing = 0;
		};
/* End PBXSourcesBuildPhase section */

/* Begin PBXVariantGroup section */
		65F57C112234C37A004A74B9 /* Main.storyboard */ = {
			isa = PBXVariantGroup;
			children = (
				65F57C122234C37A004A74B9 /* Base */,
			);
			name = Main.storyboard;
			sourceTree = "<group>";
		};
		65F57C162234C37B004A74B9 /* LaunchScreen.storyboard */ = {
			isa = PBXVariantGroup;
			children = (
				65F57C172234C37B004A74B9 /* Base */,
			);
			name = LaunchScreen.storyboard;
			sourceTree = "<group>";
		};
/* End PBXVariantGroup section */

/* Begin XCBuildConfiguration section */
		65F57C1A2234C37B004A74B9 /* Debug */ = {
			isa = XCBuildConfiguration;
			buildSettings = {
				ALWAYS_SEARCH_USER_PATHS = NO;
				CLANG_ANALYZER_NONNULL = YES;
				CLANG_ANALYZER_NUMBER_OBJECT_CONVERSION = YES_AGGRESSIVE;
				CLANG_CXX_LANGUAGE_STANDARD = "gnu++14";
				CLANG_CXX_LIBRARY = "libc++";
				CLANG_ENABLE_MODULES = YES;
				CLANG_ENABLE_OBJC_ARC = YES;
				CLANG_ENABLE_OBJC_WEAK = YES;
				CLANG_WARN_BLOCK_CAPTURE_AUTORELEASING = YES;
				CLANG_WARN_BOOL_CONVERSION = YES;
				CLANG_WARN_COMMA = YES;
				CLANG_WARN_CONSTANT_CONVERSION = YES;
				CLANG_WARN_DEPRECATED_OBJC_IMPLEMENTATIONS = YES;
				CLANG_WARN_DIRECT_OBJC_ISA_USAGE = YES_ERROR;
				CLANG_WARN_DOCUMENTATION_COMMENTS = YES;
				CLANG_WARN_EMPTY_BODY = YES;
				CLANG_WARN_ENUM_CONVERSION = YES;
				CLANG_WARN_INFINITE_RECURSION = YES;
				CLANG_WARN_INT_CONVERSION = YES;
				CLANG_WARN_NON_LITERAL_NULL_CONVERSION = YES;
				CLANG_WARN_OBJC_IMPLICIT_RETAIN_SELF = YES;
				CLANG_WARN_OBJC_LITERAL_CONVERSION = YES;
				CLANG_WARN_OBJC_ROOT_CLASS = YES_ERROR;
				CLANG_WARN_RANGE_LOOP_ANALYSIS = YES;
				CLANG_WARN_STRICT_PROTOTYPES = YES;
				CLANG_WARN_SUSPICIOUS_MOVE = YES;
				CLANG_WARN_UNGUARDED_AVAILABILITY = YES_AGGRESSIVE;
				CLANG_WARN_UNREACHABLE_CODE = YES;
				CLANG_WARN__DUPLICATE_METHOD_MATCH = YES;
				CODE_SIGN_IDENTITY = "iPhone Developer";
				COPY_PHASE_STRIP = NO;
				DEBUG_INFORMATION_FORMAT = dwarf;
				ENABLE_STRICT_OBJC_MSGSEND = YES;
				ENABLE_TESTABILITY = YES;
				GCC_C_LANGUAGE_STANDARD = gnu11;
				GCC_DYNAMIC_NO_PIC = NO;
				GCC_NO_COMMON_BLOCKS = YES;
				GCC_OPTIMIZATION_LEVEL = 0;
				GCC_PREPROCESSOR_DEFINITIONS = (
					"DEBUG=1",
					"$(inherited)",
				);
				GCC_WARN_64_TO_32_BIT_CONVERSION = YES;
				GCC_WARN_ABOUT_RETURN_TYPE = YES_ERROR;
				GCC_WARN_UNDECLARED_SELECTOR = YES;
				GCC_WARN_UNINITIALIZED_AUTOS = YES_AGGRESSIVE;
				GCC_WARN_UNUSED_FUNCTION = YES;
				GCC_WARN_UNUSED_VARIABLE = YES;
				IPHONEOS_DEPLOYMENT_TARGET = 12.1;
				MTL_ENABLE_DEBUG_INFO = INCLUDE_SOURCE;
				MTL_FAST_MATH = YES;
				ONLY_ACTIVE_ARCH = YES;
				SDKROOT = iphoneos;
				SWIFT_ACTIVE_COMPILATION_CONDITIONS = DEBUG;
				SWIFT_OPTIMIZATION_LEVEL = "-Onone";
			};
			name = Debug;
		};
		65F57C1B2234C37B004A74B9 /* Release */ = {
			isa = XCBuildConfiguration;
			buildSettings = {
				ALWAYS_SEARCH_USER_PATHS = NO;
				CLANG_ANALYZER_NONNULL = YES;
				CLANG_ANALYZER_NUMBER_OBJECT_CONVERSION = YES_AGGRESSIVE;
				CLANG_CXX_LANGUAGE_STANDARD = "gnu++14";
				CLANG_CXX_LIBRARY = "libc++";
				CLANG_ENABLE_MODULES = YES;
				CLANG_ENABLE_OBJC_ARC = YES;
				CLANG_ENABLE_OBJC_WEAK = YES;
				CLANG_WARN_BLOCK_CAPTURE_AUTORELEASING = YES;
				CLANG_WARN_BOOL_CONVERSION = YES;
				CLANG_WARN_COMMA = YES;
				CLANG_WARN_CONSTANT_CONVERSION = YES;
				CLANG_WARN_DEPRECATED_OBJC_IMPLEMENTATIONS = YES;
				CLANG_WARN_DIRECT_OBJC_ISA_USAGE = YES_ERROR;
				CLANG_WARN_DOCUMENTATION_COMMENTS = YES;
				CLANG_WARN_EMPTY_BODY = YES;
				CLANG_WARN_ENUM_CONVERSION = YES;
				CLANG_WARN_INFINITE_RECURSION = YES;
				CLANG_WARN_INT_CONVERSION = YES;
				CLANG_WARN_NON_LITERAL_NULL_CONVERSION = YES;
				CLANG_WARN_OBJC_IMPLICIT_RETAIN_SELF = YES;
				CLANG_WARN_OBJC_LITERAL_CONVERSION = YES;
				CLANG_WARN_OBJC_ROOT_CLASS = YES_ERROR;
				CLANG_WARN_RANGE_LOOP_ANALYSIS = YES;
				CLANG_WARN_STRICT_PROTOTYPES = YES;
				CLANG_WARN_SUSPICIOUS_MOVE = YES;
				CLANG_WARN_UNGUARDED_AVAILABILITY = YES_AGGRESSIVE;
				CLANG_WARN_UNREACHABLE_CODE = YES;
				CLANG_WARN__DUPLICATE_METHOD_MATCH = YES;
				CODE_SIGN_IDENTITY = "iPhone Developer";
				COPY_PHASE_STRIP = NO;
				DEBUG_INFORMATION_FORMAT = "dwarf-with-dsym";
				ENABLE_NS_ASSERTIONS = NO;
				ENABLE_STRICT_OBJC_MSGSEND = YES;
				GCC_C_LANGUAGE_STANDARD = gnu11;
				GCC_NO_COMMON_BLOCKS = YES;
				GCC_WARN_64_TO_32_BIT_CONVERSION = YES;
				GCC_WARN_ABOUT_RETURN_TYPE = YES_ERROR;
				GCC_WARN_UNDECLARED_SELECTOR = YES;
				GCC_WARN_UNINITIALIZED_AUTOS = YES_AGGRESSIVE;
				GCC_WARN_UNUSED_FUNCTION = YES;
				GCC_WARN_UNUSED_VARIABLE = YES;
				IPHONEOS_DEPLOYMENT_TARGET = 12.1;
				MTL_ENABLE_DEBUG_INFO = NO;
				MTL_FAST_MATH = YES;
				SDKROOT = iphoneos;
				SWIFT_COMPILATION_MODE = wholemodule;
				SWIFT_OPTIMIZATION_LEVEL = "-O";
				VALIDATE_PRODUCT = YES;
			};
			name = Release;
		};
		65F57C1D2234C37B004A74B9 /* Debug */ = {
			isa = XCBuildConfiguration;
			baseConfigurationReference = 0217752076773EDBD2D5CC9B /* Pods-ToDoey.debug.xcconfig */;
			buildSettings = {
				ASSETCATALOG_COMPILER_APPICON_NAME = AppIcon;
				CODE_SIGN_STYLE = Automatic;
				DEVELOPMENT_TEAM = 8A8P25NTBL;
				INFOPLIST_FILE = ToDoey/Info.plist;
				LD_RUNPATH_SEARCH_PATHS = (
					"$(inherited)",
					"@executable_path/Frameworks",
				);
				PRODUCT_BUNDLE_IDENTIFIER = com.dacardenas.ToDoey;
				PRODUCT_NAME = "$(TARGET_NAME)";
				SWIFT_VERSION = 4.2;
				TARGETED_DEVICE_FAMILY = "1,2";
			};
			name = Debug;
		};
		65F57C1E2234C37B004A74B9 /* Release */ = {
			isa = XCBuildConfiguration;
			baseConfigurationReference = 43390C31F0342818A6FC030C /* Pods-ToDoey.release.xcconfig */;
			buildSettings = {
				ASSETCATALOG_COMPILER_APPICON_NAME = AppIcon;
				CODE_SIGN_STYLE = Automatic;
				DEVELOPMENT_TEAM = 8A8P25NTBL;
				INFOPLIST_FILE = ToDoey/Info.plist;
				LD_RUNPATH_SEARCH_PATHS = (
					"$(inherited)",
					"@executable_path/Frameworks",
				);
				PRODUCT_BUNDLE_IDENTIFIER = com.dacardenas.ToDoey;
				PRODUCT_NAME = "$(TARGET_NAME)";
				SWIFT_VERSION = 4.2;
				TARGETED_DEVICE_FAMILY = "1,2";
			};
			name = Release;
		};
/* End XCBuildConfiguration section */

/* Begin XCConfigurationList section */
		65F57C052234C37A004A74B9 /* Build configuration list for PBXProject "ToDoey" */ = {
			isa = XCConfigurationList;
			buildConfigurations = (
				65F57C1A2234C37B004A74B9 /* Debug */,
				65F57C1B2234C37B004A74B9 /* Release */,
			);
			defaultConfigurationIsVisible = 0;
			defaultConfigurationName = Release;
		};
		65F57C1C2234C37B004A74B9 /* Build configuration list for PBXNativeTarget "ToDoey" */ = {
			isa = XCConfigurationList;
			buildConfigurations = (
				65F57C1D2234C37B004A74B9 /* Debug */,
				65F57C1E2234C37B004A74B9 /* Release */,
			);
			defaultConfigurationIsVisible = 0;
			defaultConfigurationName = Release;
		};
/* End XCConfigurationList section */
	};
	rootObject = 65F57C022234C37A004A74B9 /* Project object */;
}
